
Microsoft Visual Studio Solution File, Format Version 12.00
# Visual Studio Version 17
VisualStudioVersion = 17.6.33829.357
MinimumVisualStudioVersion = 10.0.40219.1
Project("{FAE04EC0-301F-11D3-BF4B-00C04F79EFBC}") = "Store_ExcelData", "Store_ExcelData\Store_ExcelData.csproj", "{DDC1F76C-CC17-456E-AC0A-93187256EF2C}"
EndProject
Project("{FAE04EC0-301F-11D3-BF4B-00C04F79EFBC}") = "UpdateSharepoint", "UpdateSharepoint\UpdateSharepoint.csproj", "{2E089EFC-A9DC-4543-A648-98DDA9236AF6}"
EndProject
Project("{FAE04EC0-301F-11D3-BF4B-00C04F79EFBC}") = "Delete_SharePoint", "Delete_SharePoint\Delete_SharePoint.csproj", "{F522722E-87CB-40E3-B2BD-BBEE61FAF397}"
EndProject
Global
	GlobalSection(SolutionConfigurationPlatforms) = preSolution
		Debug|Any CPU = Debug|Any CPU
		Release|Any CPU = Release|Any CPU
	EndGlobalSection
	GlobalSection(ProjectConfigurationPlatforms) = postSolution
		{DDC1F76C-CC17-456E-AC0A-93187256EF2C}.Debug|Any CPU.ActiveCfg = Debug|Any CPU
		{DDC1F76C-CC17-456E-AC0A-93187256EF2C}.Debug|Any CPU.Build.0 = Debug|Any CPU
		{DDC1F76C-CC17-456E-AC0A-93187256EF2C}.Release|Any CPU.ActiveCfg = Release|Any CPU
		{DDC1F76C-CC17-456E-AC0A-93187256EF2C}.Release|Any CPU.Build.0 = Release|Any CPU
		{2E089EFC-A9DC-4543-A648-98DDA9236AF6}.Debug|Any CPU.ActiveCfg = Debug|Any CPU
		{2E089EFC-A9DC-4543-A648-98DDA9236AF6}.Debug|Any CPU.Build.0 = Debug|Any CPU
		{2E089EFC-A9DC-4543-A648-98DDA9236AF6}.Release|Any CPU.ActiveCfg = Release|Any CPU
		{2E089EFC-A9DC-4543-A648-98DDA9236AF6}.Release|Any CPU.Build.0 = Release|Any CPU
		{F522722E-87CB-40E3-B2BD-BBEE61FAF397}.Debug|Any CPU.ActiveCfg = Debug|Any CPU
		{F522722E-87CB-40E3-B2BD-BBEE61FAF397}.Debug|Any CPU.Build.0 = Debug|Any CPU
		{F522722E-87CB-40E3-B2BD-BBEE61FAF397}.Release|Any CPU.ActiveCfg = Release|Any CPU
		{F522722E-87CB-40E3-B2BD-BBEE61FAF397}.Release|Any CPU.Build.0 = Release|Any CPU
	EndGlobalSection
	GlobalSection(SolutionProperties) = preSolution
		HideSolutionNode = FALSE
	EndGlobalSection
	GlobalSection(ExtensibilityGlobals) = postSolution
		SolutionGuid = {8974461D-4527-42B2-B9E5-B135FED359EB}
	EndGlobalSection
EndGlobal
